
Microsoft Visual Studio Solution File, Format Version 12.00
# Visual Studio 15
VisualStudioVersion = 15.0.28307.705
MinimumVisualStudioVersion = 10.0.40219.1
Project("{FAE04EC0-301F-11D3-BF4B-00C04F79EFBC}") = "AppsRegiones", "AppsRegiones\AppsRegiones.csproj", "{609D64B3-5D74-4154-B21C-CC7A27DDC5EC}"
EndProject
Global
	GlobalSection(SolutionConfigurationPlatforms) = preSolution
		Debug|Any CPU = Debug|Any CPU
		Release|Any CPU = Release|Any CPU
	EndGlobalSection
	GlobalSection(ProjectConfigurationPlatforms) = postSolution
		{609D64B3-5D74-4154-B21C-CC7A27DDC5EC}.Debug|Any CPU.ActiveCfg = Debug|Any CPU
		{609D64B3-5D74-4154-B21C-CC7A27DDC5EC}.Debug|Any CPU.Build.0 = Debug|Any CPU
		{609D64B3-5D74-4154-B21C-CC7A27DDC5EC}.Debug|Any CPU.Deploy.0 = Debug|Any CPU
		{609D64B3-5D74-4154-B21C-CC7A27DDC5EC}.Release|Any CPU.ActiveCfg = Release|Any CPU
		{609D64B3-5D74-4154-B21C-CC7A27DDC5EC}.Release|Any CPU.Build.0 = Release|Any CPU
		{609D64B3-5D74-4154-B21C-CC7A27DDC5EC}.Release|Any CPU.Deploy.0 = Release|Any CPU
	EndGlobalSection
	GlobalSection(SolutionProperties) = preSolution
		HideSolutionNode = FALSE
	EndGlobalSection
	GlobalSection(ExtensibilityGlobals) = postSolution
		SolutionGuid = {9FE7D471-7388-450A-ACF4-84F331ADDD6C}
	EndGlobalSection
EndGlobal
